// !$*UTF8*$!
{
	archiveVersion = 1;
	classes = {
	};
	objectVersion = 46;
	objects = {

/* Begin PBXBuildFile section */
		A058B7821EA9E95900E1DF03 /* main.m in Sources */ = {isa = PBXBuildFile; fileRef = A058B7811EA9E95900E1DF03 /* main.m */; };
		A058B7851EA9E95900E1DF03 /* AppDelegate.m in Sources */ = {isa = PBXBuildFile; fileRef = A058B7841EA9E95900E1DF03 /* AppDelegate.m */; };
		A058B7881EA9E95900E1DF03 /* ViewController.m in Sources */ = {isa = PBXBuildFile; fileRef = A058B7871EA9E95900E1DF03 /* ViewController.m */; };
		A058B78B1EA9E95900E1DF03 /* Main.storyboard in Resources */ = {isa = PBXBuildFile; fileRef = A058B7891EA9E95900E1DF03 /* Main.storyboard */; };
		A058B78D1EA9E95900E1DF03 /* Assets.xcassets in Resources */ = {isa = PBXBuildFile; fileRef = A058B78C1EA9E95900E1DF03 /* Assets.xcassets */; };
		A058B7901EA9E95900E1DF03 /* LaunchScreen.storyboard in Resources */ = {isa = PBXBuildFile; fileRef = A058B78E1EA9E95900E1DF03 /* LaunchScreen.storyboard */; };
		A058B7991EA9EA5500E1DF03 /* IFTimer.m in Sources */ = {isa = PBXBuildFile; fileRef = A058B7981EA9EA5500E1DF03 /* IFTimer.m */; };
/* End PBXBuildFile section */

/* Begin PBXFileReference section */
		A058B77D1EA9E95900E1DF03 /* IFTimer.app */ = {isa = PBXFileReference; explicitFileType = wrapper.application; includeInIndex = 0; path = IFTimer.app; sourceTree = BUILT_PRODUCTS_DIR; };
		A058B7811EA9E95900E1DF03 /* main.m */ = {isa = PBXFileReference; lastKnownFileType = sourcecode.c.objc; path = main.m; sourceTree = "<group>"; };
		A058B7831EA9E95900E1DF03 /* AppDelegate.h */ = {isa = PBXFileReference; lastKnownFileType = sourcecode.c.h; path = AppDelegate.h; sourceTree = "<group>"; };
		A058B7841EA9E95900E1DF03 /* AppDelegate.m */ = {isa = PBXFileReference; lastKnownFileType = sourcecode.c.objc; path = AppDelegate.m; sourceTree = "<group>"; };
		A058B7861EA9E95900E1DF03 /* ViewController.h */ = {isa = PBXFileReference; lastKnownFileType = sourcecode.c.h; path = ViewController.h; sourceTree = "<group>"; };
		A058B7871EA9E95900E1DF03 /* ViewController.m */ = {isa = PBXFileReference; lastKnownFileType = sourcecode.c.objc; path = ViewController.m; sourceTree = "<group>"; };
		A058B78A1EA9E95900E1DF03 /* Base */ = {isa = PBXFileReference; lastKnownFileType = file.storyboard; name = Base; path = Base.lproj/Main.storyboard; sourceTree = "<group>"; };
		A058B78C1EA9E95900E1DF03 /* Assets.xcassets */ = {isa = PBXFileReference; lastKnownFileType = folder.assetcatalog; path = Assets.xcassets; sourceTree = "<group>"; };
		A058B78F1EA9E95900E1DF03 /* Base */ = {isa = PBXFileReference; lastKnownFileType = file.storyboard; name = Base; path = Base.lproj/LaunchScreen.storyboard; sourceTree = "<group>"; };
		A058B7911EA9E95900E1DF03 /* Info.plist */ = {isa = PBXFileReference; lastKnownFileType = text.plist.xml; path = Info.plist; sourceTree = "<group>"; };
		A058B7971EA9EA5500E1DF03 /* IFTimer.h */ = {isa = PBXFileReference; fileEncoding = 4; lastKnownFileType = sourcecode.c.h; path = IFTimer.h; sourceTree = "<group>"; };
		A058B7981EA9EA5500E1DF03 /* IFTimer.m */ = {isa = PBXFileReference; fileEncoding = 4; lastKnownFileType = sourcecode.c.objc; path = IFTimer.m; sourceTree = "<group>"; };
/* End PBXFileReference section */

/* Begin PBXFrameworksBuildPhase section */
		A058B77A1EA9E95900E1DF03 /* Frameworks */ = {
			isa = PBXFrameworksBuildPhase;
			buildActionMask = 2147483647;
			files = (
			);
			runOnlyForDeploymentPostprocessing = 0;
		};
/* End PBXFrameworksBuildPhase section */

/* Begin PBXGroup section */
		A058B7741EA9E95900E1DF03 = {
			isa = PBXGroup;
			children = (
				A058B77F1EA9E95900E1DF03 /* IFTimer */,
				A058B77E1EA9E95900E1DF03 /* Products */,
			);
			sourceTree = "<group>";
		};
		A058B77E1EA9E95900E1DF03 /* Products */ = {
			isa = PBXGroup;
			children = (
				A058B77D1EA9E95900E1DF03 /* IFTimer.app */,
			);
			name = Products;
			sourceTree = "<group>";
		};
		A058B77F1EA9E95900E1DF03 /* IFTimer */ = {
			isa = PBXGroup;
			children = (
				A058B7971EA9EA5500E1DF03 /* IFTimer.h */,
				A058B7981EA9EA5500E1DF03 /* IFTimer.m */,
				A058B7831EA9E95900E1DF03 /* AppDelegate.h */,
				A058B7841EA9E95900E1DF03 /* AppDelegate.m */,
				A058B7861EA9E95900E1DF03 /* ViewController.h */,
				A058B7871EA9E95900E1DF03 /* ViewController.m */,
				A058B7891EA9E95900E1DF03 /* Main.storyboard */,
				A058B78C1EA9E95900E1DF03 /* Assets.xcassets */,
				A058B78E1EA9E95900E1DF03 /* LaunchScreen.storyboard */,
				A058B7911EA9E95900E1DF03 /* Info.plist */,
				A058B7801EA9E95900E1DF03 /* Supporting Files */,
			);
			path = IFTimer;
			sourceTree = "<group>";
		};
		A058B7801EA9E95900E1DF03 /* Supporting Files */ = {
			isa = PBXGroup;
			children = (
				A058B7811EA9E95900E1DF03 /* main.m */,
			);
			name = "Supporting Files";
			sourceTree = "<group>";
		};
/* End PBXGroup section */

/* Begin PBXNativeTarget section */
		A058B77C1EA9E95900E1DF03 /* IFTimer */ = {
			isa = PBXNativeTarget;
			buildConfigurationList = A058B7941EA9E95900E1DF03 /* Build configuration list for PBXNativeTarget "IFTimer" */;
			buildPhases = (
				A058B7791EA9E95900E1DF03 /* Sources */,
				A058B77A1EA9E95900E1DF03 /* Frameworks */,
				A058B77B1EA9E95900E1DF03 /* Resources */,
			);
			buildRules = (
			);
			dependencies = (
			);
			name = IFTimer;
			productName = IFTimer;
			productReference = A058B77D1EA9E95900E1DF03 /* IFTimer.app */;
			productType = "com.apple.product-type.application";
		};
/* End PBXNativeTarget section */

/* Begin PBXProject section */
		A058B7751EA9E95900E1DF03 /* Project object */ = {
			isa = PBXProject;
			attributes = {
				LastUpgradeCheck = 0830;
				ORGANIZATIONNAME = Qiniu;
				TargetAttributes = {
					A058B77C1EA9E95900E1DF03 = {
						CreatedOnToolsVersion = 8.3;
						DevelopmentTeam = 3V47V6ZU8Q;
						ProvisioningStyle = Automatic;
					};
				};
			};
			buildConfigurationList = A058B7781EA9E95900E1DF03 /* Build configuration list for PBXProject "IFTimer" */;
			compatibilityVersion = "Xcode 3.2";
			developmentRegion = English;
			hasScannedForEncodings = 0;
			knownRegions = (
				en,
				Base,
			);
			mainGroup = A058B7741EA9E95900E1DF03;
			productRefGroup = A058B77E1EA9E95900E1DF03 /* Products */;
			projectDirPath = "";
			projectRoot = "";
			targets = (
				A058B77C1EA9E95900E1DF03 /* IFTimer */,
			);
		};
/* End PBXProject section */

/* Begin PBXResourcesBuildPhase section */
		A058B77B1EA9E95900E1DF03 /* Resources */ = {
			isa = PBXResourcesBuildPhase;
			buildActionMask = 2147483647;
			files = (
				A058B7901EA9E95900E1DF03 /* LaunchScreen.storyboard in Resources */,
				A058B78D1EA9E95900E1DF03 /* Assets.xcassets in Resources */,
				A058B78B1EA9E95900E1DF03 /* Main.storyboard in Resources */,
			);
			runOnlyForDeploymentPostprocessing = 0;
		};
/* End PBXResourcesBuildPhase section */

/* Begin PBXSourcesBuildPhase section */
		A058B7791EA9E95900E1DF03 /* Sources */ = {
			isa = PBXSourcesBuildPhase;
			buildActionMask = 2147483647;
			files = (
				A058B7991EA9EA5500E1DF03 /* IFTimer.m in Sources */,
				A058B7881EA9E95900E1DF03 /* ViewController.m in Sources */,
				A058B7851EA9E95900E1DF03 /* AppDelegate.m in Sources */,
				A058B7821EA9E95900E1DF03 /* main.m in Sources */,
			);
			runOnlyForDeploymentPostprocessing = 0;
		};
/* End PBXSourcesBuildPhase section */

/* Begin PBXVariantGroup section */
		A058B7891EA9E95900E1DF03 /* Main.storyboard */ = {
			isa = PBXVariantGroup;
			children = (
				A058B78A1EA9E95900E1DF03 /* Base */,
			);
			name = Main.storyboard;
			sourceTree = "<group>";
		};
		A058B78E1EA9E95900E1DF03 /* LaunchScreen.storyboard */ = {
			isa = PBXVariantGroup;
			children = (
				A058B78F1EA9E95900E1DF03 /* Base */,
			);
			name = LaunchScreen.storyboard;
			sourceTree = "<group>";
		};
/* End PBXVariantGroup section */

/* Begin XCBuildConfiguration section */
		A058B7921EA9E95900E1DF03 /* Debug */ = {
			isa = XCBuildConfiguration;
			buildSettings = {
				ALWAYS_SEARCH_USER_PATHS = NO;
				CLANG_ANALYZER_NONNULL = YES;
				CLANG_ANALYZER_NUMBER_OBJECT_CONVERSION = YES_AGGRESSIVE;
				CLANG_CXX_LANGUAGE_STANDARD = "gnu++0x";
				CLANG_CXX_LIBRARY = "libc++";
				CLANG_ENABLE_MODULES = YES;
				CLANG_ENABLE_OBJC_ARC = YES;
				CLANG_WARN_BOOL_CONVERSION = YES;
				CLANG_WARN_CONSTANT_CONVERSION = YES;
				CLANG_WARN_DIRECT_OBJC_ISA_USAGE = YES_ERROR;
				CLANG_WARN_DOCUMENTATION_COMMENTS = YES;
				CLANG_WARN_EMPTY_BODY = YES;
				CLANG_WARN_ENUM_CONVERSION = YES;
				CLANG_WARN_INFINITE_RECURSION = YES;
				CLANG_WARN_INT_CONVERSION = YES;
				CLANG_WARN_OBJC_ROOT_CLASS = YES_ERROR;
				CLANG_WARN_SUSPICIOUS_MOVE = YES;
				CLANG_WARN_UNREACHABLE_CODE = YES;
				CLANG_WARN__DUPLICATE_METHOD_MATCH = YES;
				"CODE_SIGN_IDENTITY[sdk=iphoneos*]" = "iPhone Developer";
				COPY_PHASE_STRIP = NO;
				DEBUG_INFORMATION_FORMAT = dwarf;
				ENABLE_STRICT_OBJC_MSGSEND = YES;
				ENABLE_TESTABILITY = YES;
				GCC_C_LANGUAGE_STANDARD = gnu99;
				GCC_DYNAMIC_NO_PIC = NO;
				GCC_NO_COMMON_BLOCKS = YES;
				GCC_OPTIMIZATION_LEVEL = 0;
				GCC_PREPROCESSOR_DEFINITIONS = (
					"DEBUG=1",
					"$(inherited)",
				);
				GCC_WARN_64_TO_32_BIT_CONVERSION = YES;
				GCC_WARN_ABOUT_RETURN_TYPE = YES_ERROR;
				GCC_WARN_UNDECLARED_SELECTOR = YES;
				GCC_WARN_UNINITIALIZED_AUTOS = YES_AGGRESSIVE;
				GCC_WARN_UNUSED_FUNCTION = YES;
				GCC_WARN_UNUSED_VARIABLE = YES;
				IPHONEOS_DEPLOYMENT_TARGET = 10.3;
				MTL_ENABLE_DEBUG_INFO = YES;
				ONLY_ACTIVE_ARCH = YES;
				SDKROOT = iphoneos;
				TARGETED_DEVICE_FAMILY = "1,2";
			};
			name = Debug;
		};
		A058B7931EA9E95900E1DF03 /* Release */ = {
			isa = XCBuildConfiguration;
			buildSettings = {
				ALWAYS_SEARCH_USER_PATHS = NO;
				CLANG_ANALYZER_NONNULL = YES;
				CLANG_ANALYZER_NUMBER_OBJECT_CONVERSION = YES_AGGRESSIVE;
				CLANG_CXX_LANGUAGE_STANDARD = "gnu++0x";
				CLANG_CXX_LIBRARY = "libc++";
				CLANG_ENABLE_MODULES = YES;
				CLANG_ENABLE_OBJC_ARC = YES;
				CLANG_WARN_BOOL_CONVERSION = YES;
				CLANG_WARN_CONSTANT_CONVERSION = YES;
				CLANG_WARN_DIRECT_OBJC_ISA_USAGE = YES_ERROR;
				CLANG_WARN_DOCUMENTATION_COMMENTS = YES;
				CLANG_WARN_EMPTY_BODY = YES;
				CLANG_WARN_ENUM_CONVERSION = YES;
				CLANG_WARN_INFINITE_RECURSION = YES;
				CLANG_WARN_INT_CONVERSION = YES;
				CLANG_WARN_OBJC_ROOT_CLASS = YES_ERROR;
				CLANG_WARN_SUSPICIOUS_MOVE = YES;
				CLANG_WARN_UNREACHABLE_CODE = YES;
				CLANG_WARN__DUPLICATE_METHOD_MATCH = YES;
				"CODE_SIGN_IDENTITY[sdk=iphoneos*]" = "iPhone Developer";
				COPY_PHASE_STRIP = NO;
				DEBUG_INFORMATION_FORMAT = "dwarf-with-dsym";
				ENABLE_NS_ASSERTIONS = NO;
				ENABLE_STRICT_OBJC_MSGSEND = YES;
				GCC_C_LANGUAGE_STANDARD = gnu99;
				GCC_NO_COMMON_BLOCKS = YES;
				GCC_WARN_64_TO_32_BIT_CONVERSION = YES;
				GCC_WARN_ABOUT_RETURN_TYPE = YES_ERROR;
				GCC_WARN_UNDECLARED_SELECTOR = YES;
				GCC_WARN_UNINITIALIZED_AUTOS = YES_AGGRESSIVE;
				GCC_WARN_UNUSED_FUNCTION = YES;
				GCC_WARN_UNUSED_VARIABLE = YES;
				IPHONEOS_DEPLOYMENT_TARGET = 10.3;
				MTL_ENABLE_DEBUG_INFO = NO;
				SDKROOT = iphoneos;
				TARGETED_DEVICE_FAMILY = "1,2";
				VALIDATE_PRODUCT = YES;
			};
			name = Release;
		};
		A058B7951EA9E95900E1DF03 /* Debug */ = {
			isa = XCBuildConfiguration;
			buildSettings = {
				ASSETCATALOG_COMPILER_APPICON_NAME = AppIcon;
				CLANG_ENABLE_OBJC_ARC = NO;
				CLANG_WARN__ARC_BRIDGE_CAST_NONARC = YES;
				DEVELOPMENT_TEAM = 3V47V6ZU8Q;
				INFOPLIST_FILE = IFTimer/Info.plist;
				LD_RUNPATH_SEARCH_PATHS = "$(inherited) @executable_path/Frameworks";
				PRODUCT_BUNDLE_IDENTIFIER = com.enjoyimage.iftimer;
				PRODUCT_NAME = "$(TARGET_NAME)";
			};
			name = Debug;
		};
		A058B7961EA9E95900E1DF03 /* Release */ = {
			isa = XCBuildConfiguration;
			buildSettings = {
				ASSETCATALOG_COMPILER_APPICON_NAME = AppIcon;
				CLANG_ENABLE_OBJC_ARC = NO;
				CLANG_WARN__ARC_BRIDGE_CAST_NONARC = YES;
				DEVELOPMENT_TEAM = 3V47V6ZU8Q;
				INFOPLIST_FILE = IFTimer/Info.plist;
				LD_RUNPATH_SEARCH_PATHS = "$(inherited) @executable_path/Frameworks";
				PRODUCT_BUNDLE_IDENTIFIER = com.enjoyimage.iftimer;
				PRODUCT_NAME = "$(TARGET_NAME)";
			};
			name = Release;
		};
/* End XCBuildConfiguration section */

/* Begin XCConfigurationList section */
		A058B7781EA9E95900E1DF03 /* Build configuration list for PBXProject "IFTimer" */ = {
			isa = XCConfigurationList;
			buildConfigurations = (
				A058B7921EA9E95900E1DF03 /* Debug */,
				A058B7931EA9E95900E1DF03 /* Release */,
			);
			defaultConfigurationIsVisible = 0;
			defaultConfigurationName = Release;
		};
		A058B7941EA9E95900E1DF03 /* Build configuration list for PBXNativeTarget "IFTimer" */ = {
			isa = XCConfigurationList;
			buildConfigurations = (
				A058B7951EA9E95900E1DF03 /* Debug */,
				A058B7961EA9E95900E1DF03 /* Release */,
			);
			defaultConfigurationIsVisible = 0;
		};
/* End XCConfigurationList section */
	};
	rootObject = A058B7751EA9E95900E1DF03 /* Project object */;
}
